
Microsoft Visual Studio Solution File, Format Version 12.00
# Visual Studio Version 16
VisualStudioVersion = 16.0.29728.190
MinimumVisualStudioVersion = 10.0.40219.1
Project("{9A19103F-16F7-4668-BE54-9A1E7A4F7556}") = "Ecommerce", "Ecommerce\Ecommerce.csproj", "{96844E30-F7B0-4F03-9705-B65382CF59EB}"
EndProject
Project("{FAE04EC0-301F-11D3-BF4B-00C04F79EFBC}") = "DAL", "DAL\DAL.csproj", "{04BDB2FE-3062-4A74-BB4F-5D1F4744FD84}"
EndProject
Global
	GlobalSection(SolutionConfigurationPlatforms) = preSolution
		Debug|Any CPU = Debug|Any CPU
		Release|Any CPU = Release|Any CPU
	EndGlobalSection
	GlobalSection(ProjectConfigurationPlatforms) = postSolution
		{96844E30-F7B0-4F03-9705-B65382CF59EB}.Debug|Any CPU.ActiveCfg = Debug|Any CPU
		{96844E30-F7B0-4F03-9705-B65382CF59EB}.Debug|Any CPU.Build.0 = Debug|Any CPU
		{96844E30-F7B0-4F03-9705-B65382CF59EB}.Release|Any CPU.ActiveCfg = Release|Any CPU
		{96844E30-F7B0-4F03-9705-B65382CF59EB}.Release|Any CPU.Build.0 = Release|Any CPU
		{04BDB2FE-3062-4A74-BB4F-5D1F4744FD84}.Debug|Any CPU.ActiveCfg = Debug|Any CPU
		{04BDB2FE-3062-4A74-BB4F-5D1F4744FD84}.Debug|Any CPU.Build.0 = Debug|Any CPU
		{04BDB2FE-3062-4A74-BB4F-5D1F4744FD84}.Release|Any CPU.ActiveCfg = Release|Any CPU
		{04BDB2FE-3062-4A74-BB4F-5D1F4744FD84}.Release|Any CPU.Build.0 = Release|Any CPU
	EndGlobalSection
	GlobalSection(SolutionProperties) = preSolution
		HideSolutionNode = FALSE
	EndGlobalSection
	GlobalSection(ExtensibilityGlobals) = postSolution
		SolutionGuid = {5C740B9D-6C9D-4DD2-AB92-2B7E6F7E081D}
	EndGlobalSection
EndGlobal
